// !$*UTF8*$!
{
	archiveVersion = 1;
	classes = {
	};
	objectVersion = 50;
	objects = {

/* Begin PBXBuildFile section */
		90FA05AA2261B2D400C34C9D /* AppDelegate.swift in Sources */ = {isa = PBXBuildFile; fileRef = 90FA05A92261B2D400C34C9D /* AppDelegate.swift */; };
		90FA05AC2261B2D400C34C9D /* LoginController.swift in Sources */ = {isa = PBXBuildFile; fileRef = 90FA05AB2261B2D400C34C9D /* LoginController.swift */; };
		90FA05AF2261B2D400C34C9D /* Main.storyboard in Resources */ = {isa = PBXBuildFile; fileRef = 90FA05AD2261B2D400C34C9D /* Main.storyboard */; };
		90FA05B12261B2D600C34C9D /* Assets.xcassets in Resources */ = {isa = PBXBuildFile; fileRef = 90FA05B02261B2D600C34C9D /* Assets.xcassets */; };
		90FA05B42261B2D600C34C9D /* LaunchScreen.storyboard in Resources */ = {isa = PBXBuildFile; fileRef = 90FA05B22261B2D600C34C9D /* LaunchScreen.storyboard */; };
		90FA05C32261BC6800C34C9D /* RegistrationController.swift in Sources */ = {isa = PBXBuildFile; fileRef = 90FA05C22261BC6800C34C9D /* RegistrationController.swift */; };
		90FA05C72261BC9C00C34C9D /* Extensions.swift in Sources */ = {isa = PBXBuildFile; fileRef = 90FA05C52261BC9C00C34C9D /* Extensions.swift */; };
		90FA05C82261BC9C00C34C9D /* Font+Extension.swift in Sources */ = {isa = PBXBuildFile; fileRef = 90FA05C62261BC9C00C34C9D /* Font+Extension.swift */; };
/* End PBXBuildFile section */

/* Begin PBXFileReference section */
		90FA05A62261B2D400C34C9D /* GBCARE.app */ = {isa = PBXFileReference; explicitFileType = wrapper.application; includeInIndex = 0; path = GBCARE.app; sourceTree = BUILT_PRODUCTS_DIR; };
		90FA05A92261B2D400C34C9D /* AppDelegate.swift */ = {isa = PBXFileReference; lastKnownFileType = sourcecode.swift; path = AppDelegate.swift; sourceTree = "<group>"; };
		90FA05AB2261B2D400C34C9D /* LoginController.swift */ = {isa = PBXFileReference; lastKnownFileType = sourcecode.swift; path = LoginController.swift; sourceTree = "<group>"; };
		90FA05AE2261B2D400C34C9D /* Base */ = {isa = PBXFileReference; lastKnownFileType = file.storyboard; name = Base; path = Base.lproj/Main.storyboard; sourceTree = "<group>"; };
		90FA05B02261B2D600C34C9D /* Assets.xcassets */ = {isa = PBXFileReference; lastKnownFileType = folder.assetcatalog; path = Assets.xcassets; sourceTree = "<group>"; };
		90FA05B32261B2D600C34C9D /* Base */ = {isa = PBXFileReference; lastKnownFileType = file.storyboard; name = Base; path = Base.lproj/LaunchScreen.storyboard; sourceTree = "<group>"; };
		90FA05B52261B2D600C34C9D /* Info.plist */ = {isa = PBXFileReference; lastKnownFileType = text.plist.xml; path = Info.plist; sourceTree = "<group>"; };
		90FA05C22261BC6800C34C9D /* RegistrationController.swift */ = {isa = PBXFileReference; fileEncoding = 4; lastKnownFileType = sourcecode.swift; path = RegistrationController.swift; sourceTree = "<group>"; };
		90FA05C52261BC9C00C34C9D /* Extensions.swift */ = {isa = PBXFileReference; fileEncoding = 4; lastKnownFileType = sourcecode.swift; path = Extensions.swift; sourceTree = "<group>"; };
		90FA05C62261BC9C00C34C9D /* Font+Extension.swift */ = {isa = PBXFileReference; fileEncoding = 4; lastKnownFileType = sourcecode.swift; path = "Font+Extension.swift"; sourceTree = "<group>"; };
/* End PBXFileReference section */

/* Begin PBXFrameworksBuildPhase section */
		90FA05A32261B2D400C34C9D /* Frameworks */ = {
			isa = PBXFrameworksBuildPhase;
			buildActionMask = 2147483647;
			files = (
			);
			runOnlyForDeploymentPostprocessing = 0;
		};
/* End PBXFrameworksBuildPhase section */

/* Begin PBXGroup section */
		90FA059D2261B2D400C34C9D = {
			isa = PBXGroup;
			children = (
				90FA05A82261B2D400C34C9D /* GBCARE */,
			);
			sourceTree = "<group>";
		};
		90FA05A72261B2D400C34C9D /* Products */ = {
			isa = PBXGroup;
			children = (
				90FA05A62261B2D400C34C9D /* GBCARE.app */,
			);
			name = Products;
			path = ../..;
			sourceTree = "<group>";
		};
		90FA05A82261B2D400C34C9D /* GBCARE */ = {
			isa = PBXGroup;
			children = (
				90FA05C02261B39600C34C9D /* Plist */,
				90FA05C42261BC9C00C34C9D /* Extensions */,
				90FA05BF2261B38A00C34C9D /* Controllers */,
				90FA05BE2261B37900C34C9D /* View */,
				90FA05BD2261B36E00C34C9D /* Assets */,
				90FA05BC2261B36000C34C9D /* SupportingFiles */,
				90FA05BB2261B33D00C34C9D /* Appdelegate */,
			);
			path = GBCARE;
			sourceTree = "<group>";
		};
		90FA05BB2261B33D00C34C9D /* Appdelegate */ = {
			isa = PBXGroup;
			children = (
				90FA05A72261B2D400C34C9D /* Products */,
				90FA05A92261B2D400C34C9D /* AppDelegate.swift */,
			);
			path = Appdelegate;
			sourceTree = "<group>";
		};
		90FA05BC2261B36000C34C9D /* SupportingFiles */ = {
			isa = PBXGroup;
			children = (
			);
			path = SupportingFiles;
			sourceTree = "<group>";
		};
		90FA05BD2261B36E00C34C9D /* Assets */ = {
			isa = PBXGroup;
			children = (
				90FA05B02261B2D600C34C9D /* Assets.xcassets */,
			);
			path = Assets;
			sourceTree = "<group>";
		};
		90FA05BE2261B37900C34C9D /* View */ = {
			isa = PBXGroup;
			children = (
				90FA05AD2261B2D400C34C9D /* Main.storyboard */,
				90FA05B22261B2D600C34C9D /* LaunchScreen.storyboard */,
			);
			path = View;
			sourceTree = "<group>";
		};
		90FA05BF2261B38A00C34C9D /* Controllers */ = {
			isa = PBXGroup;
			children = (
				90FA05AB2261B2D400C34C9D /* LoginController.swift */,
				90FA05C12261BC6800C34C9D /* Registration */,
			);
			path = Controllers;
			sourceTree = "<group>";
		};
		90FA05C02261B39600C34C9D /* Plist */ = {
			isa = PBXGroup;
			children = (
				90FA05B52261B2D600C34C9D /* Info.plist */,
			);
			path = Plist;
			sourceTree = "<group>";
		};
		90FA05C12261BC6800C34C9D /* Registration */ = {
			isa = PBXGroup;
			children = (
				90FA05C22261BC6800C34C9D /* RegistrationController.swift */,
			);
			path = Registration;
			sourceTree = "<group>";
		};
		90FA05C42261BC9C00C34C9D /* Extensions */ = {
			isa = PBXGroup;
			children = (
				90FA05C52261BC9C00C34C9D /* Extensions.swift */,
				90FA05C62261BC9C00C34C9D /* Font+Extension.swift */,
			);
			path = Extensions;
			sourceTree = "<group>";
		};
/* End PBXGroup section */

/* Begin PBXNativeTarget section */
		90FA05A52261B2D400C34C9D /* GBCARE */ = {
			isa = PBXNativeTarget;
			buildConfigurationList = 90FA05B82261B2D600C34C9D /* Build configuration list for PBXNativeTarget "GBCARE" */;
			buildPhases = (
				90FA05A22261B2D400C34C9D /* Sources */,
				90FA05A32261B2D400C34C9D /* Frameworks */,
				90FA05A42261B2D400C34C9D /* Resources */,
			);
			buildRules = (
			);
			dependencies = (
			);
			name = GBCARE;
			productName = GBCARE;
			productReference = 90FA05A62261B2D400C34C9D /* GBCARE.app */;
			productType = "com.apple.product-type.application";
		};
/* End PBXNativeTarget section */

/* Begin PBXProject section */
		90FA059E2261B2D400C34C9D /* Project object */ = {
			isa = PBXProject;
			attributes = {
				LastSwiftUpdateCheck = 1010;
				LastUpgradeCheck = 1010;
				ORGANIZATIONNAME = "MD ISHTIYAK";
				TargetAttributes = {
					90FA05A52261B2D400C34C9D = {
						CreatedOnToolsVersion = 10.1;
					};
				};
			};
			buildConfigurationList = 90FA05A12261B2D400C34C9D /* Build configuration list for PBXProject "GBCARE" */;
			compatibilityVersion = "Xcode 9.3";
			developmentRegion = en;
			hasScannedForEncodings = 0;
			knownRegions = (
				en,
				Base,
			);
			mainGroup = 90FA059D2261B2D400C34C9D;
			productRefGroup = 90FA05A72261B2D400C34C9D /* Products */;
			projectDirPath = "";
			projectRoot = "";
			targets = (
				90FA05A52261B2D400C34C9D /* GBCARE */,
			);
		};
/* End PBXProject section */

/* Begin PBXResourcesBuildPhase section */
		90FA05A42261B2D400C34C9D /* Resources */ = {
			isa = PBXResourcesBuildPhase;
			buildActionMask = 2147483647;
			files = (
				90FA05B42261B2D600C34C9D /* LaunchScreen.storyboard in Resources */,
				90FA05B12261B2D600C34C9D /* Assets.xcassets in Resources */,
				90FA05AF2261B2D400C34C9D /* Main.storyboard in Resources */,
			);
			runOnlyForDeploymentPostprocessing = 0;
		};
/* End PBXResourcesBuildPhase section */

/* Begin PBXSourcesBuildPhase section */
		90FA05A22261B2D400C34C9D /* Sources */ = {
			isa = PBXSourcesBuildPhase;
			buildActionMask = 2147483647;
			files = (
				90FA05AC2261B2D400C34C9D /* LoginController.swift in Sources */,
				90FA05C82261BC9C00C34C9D /* Font+Extension.swift in Sources */,
				90FA05C32261BC6800C34C9D /* RegistrationController.swift in Sources */,
				90FA05AA2261B2D400C34C9D /* AppDelegate.swift in Sources */,
				90FA05C72261BC9C00C34C9D /* Extensions.swift in Sources */,
			);
			runOnlyForDeploymentPostprocessing = 0;
		};
/* End PBXSourcesBuildPhase section */

/* Begin PBXVariantGroup section */
		90FA05AD2261B2D400C34C9D /* Main.storyboard */ = {
			isa = PBXVariantGroup;
			children = (
				90FA05AE2261B2D400C34C9D /* Base */,
			);
			name = Main.storyboard;
			sourceTree = "<group>";
		};
		90FA05B22261B2D600C34C9D /* LaunchScreen.storyboard */ = {
			isa = PBXVariantGroup;
			children = (
				90FA05B32261B2D600C34C9D /* Base */,
			);
			name = LaunchScreen.storyboard;
			sourceTree = "<group>";
		};
/* End PBXVariantGroup section */

/* Begin XCBuildConfiguration section */
		90FA05B62261B2D600C34C9D /* Debug */ = {
			isa = XCBuildConfiguration;
			buildSettings = {
				ALWAYS_SEARCH_USER_PATHS = NO;
				CLANG_ANALYZER_NONNULL = YES;
				CLANG_ANALYZER_NUMBER_OBJECT_CONVERSION = YES_AGGRESSIVE;
				CLANG_CXX_LANGUAGE_STANDARD = "gnu++14";
				CLANG_CXX_LIBRARY = "libc++";
				CLANG_ENABLE_MODULES = YES;
				CLANG_ENABLE_OBJC_ARC = YES;
				CLANG_ENABLE_OBJC_WEAK = YES;
				CLANG_WARN_BLOCK_CAPTURE_AUTORELEASING = YES;
				CLANG_WARN_BOOL_CONVERSION = YES;
				CLANG_WARN_COMMA = YES;
				CLANG_WARN_CONSTANT_CONVERSION = YES;
				CLANG_WARN_DEPRECATED_OBJC_IMPLEMENTATIONS = YES;
				CLANG_WARN_DIRECT_OBJC_ISA_USAGE = YES_ERROR;
				CLANG_WARN_DOCUMENTATION_COMMENTS = YES;
				CLANG_WARN_EMPTY_BODY = YES;
				CLANG_WARN_ENUM_CONVERSION = YES;
				CLANG_WARN_INFINITE_RECURSION = YES;
				CLANG_WARN_INT_CONVERSION = YES;
				CLANG_WARN_NON_LITERAL_NULL_CONVERSION = YES;
				CLANG_WARN_OBJC_IMPLICIT_RETAIN_SELF = YES;
				CLANG_WARN_OBJC_LITERAL_CONVERSION = YES;
				CLANG_WARN_OBJC_ROOT_CLASS = YES_ERROR;
				CLANG_WARN_RANGE_LOOP_ANALYSIS = YES;
				CLANG_WARN_STRICT_PROTOTYPES = YES;
				CLANG_WARN_SUSPICIOUS_MOVE = YES;
				CLANG_WARN_UNGUARDED_AVAILABILITY = YES_AGGRESSIVE;
				CLANG_WARN_UNREACHABLE_CODE = YES;
				CLANG_WARN__DUPLICATE_METHOD_MATCH = YES;
				CODE_SIGN_IDENTITY = "iPhone Developer";
				COPY_PHASE_STRIP = NO;
				DEBUG_INFORMATION_FORMAT = dwarf;
				ENABLE_STRICT_OBJC_MSGSEND = YES;
				ENABLE_TESTABILITY = YES;
				GCC_C_LANGUAGE_STANDARD = gnu11;
				GCC_DYNAMIC_NO_PIC = NO;
				GCC_NO_COMMON_BLOCKS = YES;
				GCC_OPTIMIZATION_LEVEL = 0;
				GCC_PREPROCESSOR_DEFINITIONS = (
					"DEBUG=1",
					"$(inherited)",
				);
				GCC_WARN_64_TO_32_BIT_CONVERSION = YES;
				GCC_WARN_ABOUT_RETURN_TYPE = YES_ERROR;
				GCC_WARN_UNDECLARED_SELECTOR = YES;
				GCC_WARN_UNINITIALIZED_AUTOS = YES_AGGRESSIVE;
				GCC_WARN_UNUSED_FUNCTION = YES;
				GCC_WARN_UNUSED_VARIABLE = YES;
				IPHONEOS_DEPLOYMENT_TARGET = 12.1;
				MTL_ENABLE_DEBUG_INFO = INCLUDE_SOURCE;
				MTL_FAST_MATH = YES;
				ONLY_ACTIVE_ARCH = YES;
				SDKROOT = iphoneos;
				SWIFT_ACTIVE_COMPILATION_CONDITIONS = DEBUG;
				SWIFT_OPTIMIZATION_LEVEL = "-Onone";
			};
			name = Debug;
		};
		90FA05B72261B2D600C34C9D /* Release */ = {
			isa = XCBuildConfiguration;
			buildSettings = {
				ALWAYS_SEARCH_USER_PATHS = NO;
				CLANG_ANALYZER_NONNULL = YES;
				CLANG_ANALYZER_NUMBER_OBJECT_CONVERSION = YES_AGGRESSIVE;
				CLANG_CXX_LANGUAGE_STANDARD = "gnu++14";
				CLANG_CXX_LIBRARY = "libc++";
				CLANG_ENABLE_MODULES = YES;
				CLANG_ENABLE_OBJC_ARC = YES;
				CLANG_ENABLE_OBJC_WEAK = YES;
				CLANG_WARN_BLOCK_CAPTURE_AUTORELEASING = YES;
				CLANG_WARN_BOOL_CONVERSION = YES;
				CLANG_WARN_COMMA = YES;
				CLANG_WARN_CONSTANT_CONVERSION = YES;
				CLANG_WARN_DEPRECATED_OBJC_IMPLEMENTATIONS = YES;
				CLANG_WARN_DIRECT_OBJC_ISA_USAGE = YES_ERROR;
				CLANG_WARN_DOCUMENTATION_COMMENTS = YES;
				CLANG_WARN_EMPTY_BODY = YES;
				CLANG_WARN_ENUM_CONVERSION = YES;
				CLANG_WARN_INFINITE_RECURSION = YES;
				CLANG_WARN_INT_CONVERSION = YES;
				CLANG_WARN_NON_LITERAL_NULL_CONVERSION = YES;
				CLANG_WARN_OBJC_IMPLICIT_RETAIN_SELF = YES;
				CLANG_WARN_OBJC_LITERAL_CONVERSION = YES;
				CLANG_WARN_OBJC_ROOT_CLASS = YES_ERROR;
				CLANG_WARN_RANGE_LOOP_ANALYSIS = YES;
				CLANG_WARN_STRICT_PROTOTYPES = YES;
				CLANG_WARN_SUSPICIOUS_MOVE = YES;
				CLANG_WARN_UNGUARDED_AVAILABILITY = YES_AGGRESSIVE;
				CLANG_WARN_UNREACHABLE_CODE = YES;
				CLANG_WARN__DUPLICATE_METHOD_MATCH = YES;
				CODE_SIGN_IDENTITY = "iPhone Developer";
				COPY_PHASE_STRIP = NO;
				DEBUG_INFORMATION_FORMAT = "dwarf-with-dsym";
				ENABLE_NS_ASSERTIONS = NO;
				ENABLE_STRICT_OBJC_MSGSEND = YES;
				GCC_C_LANGUAGE_STANDARD = gnu11;
				GCC_NO_COMMON_BLOCKS = YES;
				GCC_WARN_64_TO_32_BIT_CONVERSION = YES;
				GCC_WARN_ABOUT_RETURN_TYPE = YES_ERROR;
				GCC_WARN_UNDECLARED_SELECTOR = YES;
				GCC_WARN_UNINITIALIZED_AUTOS = YES_AGGRESSIVE;
				GCC_WARN_UNUSED_FUNCTION = YES;
				GCC_WARN_UNUSED_VARIABLE = YES;
				IPHONEOS_DEPLOYMENT_TARGET = 12.1;
				MTL_ENABLE_DEBUG_INFO = NO;
				MTL_FAST_MATH = YES;
				SDKROOT = iphoneos;
				SWIFT_COMPILATION_MODE = wholemodule;
				SWIFT_OPTIMIZATION_LEVEL = "-O";
				VALIDATE_PRODUCT = YES;
			};
			name = Release;
		};
		90FA05B92261B2D600C34C9D /* Debug */ = {
			isa = XCBuildConfiguration;
			buildSettings = {
				ASSETCATALOG_COMPILER_APPICON_NAME = AppIcon;
				CODE_SIGN_STYLE = Automatic;
				DEVELOPMENT_TEAM = YB2WUFR3Q4;
				INFOPLIST_FILE = GBCARE/Plist/Info.plist;
				LD_RUNPATH_SEARCH_PATHS = (
					"$(inherited)",
					"@executable_path/Frameworks",
				);
				PRODUCT_BUNDLE_IDENTIFIER = gbCare.com.GBCARE;
				PRODUCT_NAME = "$(TARGET_NAME)";
				SWIFT_VERSION = 4.2;
				TARGETED_DEVICE_FAMILY = "1,2";
			};
			name = Debug;
		};
		90FA05BA2261B2D600C34C9D /* Release */ = {
			isa = XCBuildConfiguration;
			buildSettings = {
				ASSETCATALOG_COMPILER_APPICON_NAME = AppIcon;
				CODE_SIGN_STYLE = Automatic;
				DEVELOPMENT_TEAM = YB2WUFR3Q4;
				INFOPLIST_FILE = GBCARE/Plist/Info.plist;
				LD_RUNPATH_SEARCH_PATHS = (
					"$(inherited)",
					"@executable_path/Frameworks",
				);
				PRODUCT_BUNDLE_IDENTIFIER = gbCare.com.GBCARE;
				PRODUCT_NAME = "$(TARGET_NAME)";
				SWIFT_VERSION = 4.2;
				TARGETED_DEVICE_FAMILY = "1,2";
			};
			name = Release;
		};
/* End XCBuildConfiguration section */

/* Begin XCConfigurationList section */
		90FA05A12261B2D400C34C9D /* Build configuration list for PBXProject "GBCARE" */ = {
			isa = XCConfigurationList;
			buildConfigurations = (
				90FA05B62261B2D600C34C9D /* Debug */,
				90FA05B72261B2D600C34C9D /* Release */,
			);
			defaultConfigurationIsVisible = 0;
			defaultConfigurationName = Release;
		};
		90FA05B82261B2D600C34C9D /* Build configuration list for PBXNativeTarget "GBCARE" */ = {
			isa = XCConfigurationList;
			buildConfigurations = (
				90FA05B92261B2D600C34C9D /* Debug */,
				90FA05BA2261B2D600C34C9D /* Release */,
			);
			defaultConfigurationIsVisible = 0;
			defaultConfigurationName = Release;
		};
/* End XCConfigurationList section */
	};
	rootObject = 90FA059E2261B2D400C34C9D /* Project object */;
}
